// !$*UTF8*$!
{
	archiveVersion = 1;
	classes = {
	};
	objectVersion = 50;
	objects = {

/* Begin PBXBuildFile section */
		CE917F5F24CC0A4F0024834E /* AppDelegate.m in Sources */ = {isa = PBXBuildFile; fileRef = CE917F5E24CC0A4F0024834E /* AppDelegate.m */; };
		CE917F6224CC0A4F0024834E /* SceneDelegate.m in Sources */ = {isa = PBXBuildFile; fileRef = CE917F6124CC0A4F0024834E /* SceneDelegate.m */; };
		CE917F6524CC0A4F0024834E /* ViewController.m in Sources */ = {isa = PBXBuildFile; fileRef = CE917F6424CC0A4F0024834E /* ViewController.m */; };
		CE917F6824CC0A4F0024834E /* Main.storyboard in Resources */ = {isa = PBXBuildFile; fileRef = CE917F6624CC0A4F0024834E /* Main.storyboard */; };
		CE917F6A24CC0A530024834E /* Assets.xcassets in Resources */ = {isa = PBXBuildFile; fileRef = CE917F6924CC0A530024834E /* Assets.xcassets */; };
		CE917F6D24CC0A530024834E /* LaunchScreen.storyboard in Resources */ = {isa = PBXBuildFile; fileRef = CE917F6B24CC0A530024834E /* LaunchScreen.storyboard */; };
		CE917F7024CC0A530024834E /* main.m in Sources */ = {isa = PBXBuildFile; fileRef = CE917F6F24CC0A530024834E /* main.m */; };
		CE917F7724CC29F00024834E /* tiger.jpg in Resources */ = {isa = PBXBuildFile; fileRef = CE917F7624CC29F00024834E /* tiger.jpg */; };
/* End PBXBuildFile section */

/* Begin PBXFileReference section */
		CE917F5A24CC0A4F0024834E /* OpenGLES.app */ = {isa = PBXFileReference; explicitFileType = wrapper.application; includeInIndex = 0; path = OpenGLES.app; sourceTree = BUILT_PRODUCTS_DIR; };
		CE917F5D24CC0A4F0024834E /* AppDelegate.h */ = {isa = PBXFileReference; lastKnownFileType = sourcecode.c.h; path = AppDelegate.h; sourceTree = "<group>"; };
		CE917F5E24CC0A4F0024834E /* AppDelegate.m */ = {isa = PBXFileReference; lastKnownFileType = sourcecode.c.objc; path = AppDelegate.m; sourceTree = "<group>"; };
		CE917F6024CC0A4F0024834E /* SceneDelegate.h */ = {isa = PBXFileReference; lastKnownFileType = sourcecode.c.h; path = SceneDelegate.h; sourceTree = "<group>"; };
		CE917F6124CC0A4F0024834E /* SceneDelegate.m */ = {isa = PBXFileReference; lastKnownFileType = sourcecode.c.objc; path = SceneDelegate.m; sourceTree = "<group>"; };
		CE917F6324CC0A4F0024834E /* ViewController.h */ = {isa = PBXFileReference; lastKnownFileType = sourcecode.c.h; path = ViewController.h; sourceTree = "<group>"; };
		CE917F6424CC0A4F0024834E /* ViewController.m */ = {isa = PBXFileReference; lastKnownFileType = sourcecode.c.objc; path = ViewController.m; sourceTree = "<group>"; };
		CE917F6724CC0A4F0024834E /* Base */ = {isa = PBXFileReference; lastKnownFileType = file.storyboard; name = Base; path = Base.lproj/Main.storyboard; sourceTree = "<group>"; };
		CE917F6924CC0A530024834E /* Assets.xcassets */ = {isa = PBXFileReference; lastKnownFileType = folder.assetcatalog; path = Assets.xcassets; sourceTree = "<group>"; };
		CE917F6C24CC0A530024834E /* Base */ = {isa = PBXFileReference; lastKnownFileType = file.storyboard; name = Base; path = Base.lproj/LaunchScreen.storyboard; sourceTree = "<group>"; };
		CE917F6E24CC0A530024834E /* Info.plist */ = {isa = PBXFileReference; lastKnownFileType = text.plist.xml; path = Info.plist; sourceTree = "<group>"; };
		CE917F6F24CC0A530024834E /* main.m */ = {isa = PBXFileReference; lastKnownFileType = sourcecode.c.objc; path = main.m; sourceTree = "<group>"; };
		CE917F7624CC29F00024834E /* tiger.jpg */ = {isa = PBXFileReference; lastKnownFileType = image.jpeg; path = tiger.jpg; sourceTree = "<group>"; };
/* End PBXFileReference section */

/* Begin PBXFrameworksBuildPhase section */
		CE917F5724CC0A4F0024834E /* Frameworks */ = {
			isa = PBXFrameworksBuildPhase;
			buildActionMask = 2147483647;
			files = (
			);
			runOnlyForDeploymentPostprocessing = 0;
		};
/* End PBXFrameworksBuildPhase section */

/* Begin PBXGroup section */
		CE917F5124CC0A4F0024834E = {
			isa = PBXGroup;
			children = (
				CE917F5C24CC0A4F0024834E /* OpenGLES */,
				CE917F5B24CC0A4F0024834E /* Products */,
			);
			sourceTree = "<group>";
		};
		CE917F5B24CC0A4F0024834E /* Products */ = {
			isa = PBXGroup;
			children = (
				CE917F5A24CC0A4F0024834E /* OpenGLES.app */,
			);
			name = Products;
			sourceTree = "<group>";
		};
		CE917F5C24CC0A4F0024834E /* OpenGLES */ = {
			isa = PBXGroup;
			children = (
				CE917F7624CC29F00024834E /* tiger.jpg */,
				CE917F5D24CC0A4F0024834E /* AppDelegate.h */,
				CE917F5E24CC0A4F0024834E /* AppDelegate.m */,
				CE917F6024CC0A4F0024834E /* SceneDelegate.h */,
				CE917F6124CC0A4F0024834E /* SceneDelegate.m */,
				CE917F6324CC0A4F0024834E /* ViewController.h */,
				CE917F6424CC0A4F0024834E /* ViewController.m */,
				CE917F6624CC0A4F0024834E /* Main.storyboard */,
				CE917F6924CC0A530024834E /* Assets.xcassets */,
				CE917F6B24CC0A530024834E /* LaunchScreen.storyboard */,
				CE917F6E24CC0A530024834E /* Info.plist */,
				CE917F6F24CC0A530024834E /* main.m */,
			);
			path = OpenGLES;
			sourceTree = "<group>";
		};
/* End PBXGroup section */

/* Begin PBXNativeTarget section */
		CE917F5924CC0A4F0024834E /* OpenGLES */ = {
			isa = PBXNativeTarget;
			buildConfigurationList = CE917F7324CC0A530024834E /* Build configuration list for PBXNativeTarget "OpenGLES" */;
			buildPhases = (
				CE917F5624CC0A4F0024834E /* Sources */,
				CE917F5724CC0A4F0024834E /* Frameworks */,
				CE917F5824CC0A4F0024834E /* Resources */,
			);
			buildRules = (
			);
			dependencies = (
			);
			name = OpenGLES;
			productName = OpenGLES;
			productReference = CE917F5A24CC0A4F0024834E /* OpenGLES.app */;
			productType = "com.apple.product-type.application";
		};
/* End PBXNativeTarget section */

/* Begin PBXProject section */
		CE917F5224CC0A4F0024834E /* Project object */ = {
			isa = PBXProject;
			attributes = {
				LastUpgradeCheck = 1160;
				ORGANIZATIONNAME = zhaixingxing;
				TargetAttributes = {
					CE917F5924CC0A4F0024834E = {
						CreatedOnToolsVersion = 11.6;
					};
				};
			};
			buildConfigurationList = CE917F5524CC0A4F0024834E /* Build configuration list for PBXProject "OpenGLES" */;
			compatibilityVersion = "Xcode 9.3";
			developmentRegion = en;
			hasScannedForEncodings = 0;
			knownRegions = (
				en,
				Base,
			);
			mainGroup = CE917F5124CC0A4F0024834E;
			productRefGroup = CE917F5B24CC0A4F0024834E /* Products */;
			projectDirPath = "";
			projectRoot = "";
			targets = (
				CE917F5924CC0A4F0024834E /* OpenGLES */,
			);
		};
/* End PBXProject section */

/* Begin PBXResourcesBuildPhase section */
		CE917F5824CC0A4F0024834E /* Resources */ = {
			isa = PBXResourcesBuildPhase;
			buildActionMask = 2147483647;
			files = (
				CE917F7724CC29F00024834E /* tiger.jpg in Resources */,
				CE917F6D24CC0A530024834E /* LaunchScreen.storyboard in Resources */,
				CE917F6A24CC0A530024834E /* Assets.xcassets in Resources */,
				CE917F6824CC0A4F0024834E /* Main.storyboard in Resources */,
			);
			runOnlyForDeploymentPostprocessing = 0;
		};
/* End PBXResourcesBuildPhase section */

/* Begin PBXSourcesBuildPhase section */
		CE917F5624CC0A4F0024834E /* Sources */ = {
			isa = PBXSourcesBuildPhase;
			buildActionMask = 2147483647;
			files = (
				CE917F6524CC0A4F0024834E /* ViewController.m in Sources */,
				CE917F5F24CC0A4F0024834E /* AppDelegate.m in Sources */,
				CE917F7024CC0A530024834E /* main.m in Sources */,
				CE917F6224CC0A4F0024834E /* SceneDelegate.m in Sources */,
			);
			runOnlyForDeploymentPostprocessing = 0;
		};
/* End PBXSourcesBuildPhase section */

/* Begin PBXVariantGroup section */
		CE917F6624CC0A4F0024834E /* Main.storyboard */ = {
			isa = PBXVariantGroup;
			children = (
				CE917F6724CC0A4F0024834E /* Base */,
			);
			name = Main.storyboard;
			sourceTree = "<group>";
		};
		CE917F6B24CC0A530024834E /* LaunchScreen.storyboard */ = {
			isa = PBXVariantGroup;
			children = (
				CE917F6C24CC0A530024834E /* Base */,
			);
			name = LaunchScreen.storyboard;
			sourceTree = "<group>";
		};
/* End PBXVariantGroup section */

/* Begin XCBuildConfiguration section */
		CE917F7124CC0A530024834E /* Debug */ = {
			isa = XCBuildConfiguration;
			buildSettings = {
				ALWAYS_SEARCH_USER_PATHS = NO;
				CLANG_ANALYZER_NONNULL = YES;
				CLANG_ANALYZER_NUMBER_OBJECT_CONVERSION = YES_AGGRESSIVE;
				CLANG_CXX_LANGUAGE_STANDARD = "gnu++14";
				CLANG_CXX_LIBRARY = "libc++";
				CLANG_ENABLE_MODULES = YES;
				CLANG_ENABLE_OBJC_ARC = YES;
				CLANG_ENABLE_OBJC_WEAK = YES;
				CLANG_WARN_BLOCK_CAPTURE_AUTORELEASING = YES;
				CLANG_WARN_BOOL_CONVERSION = YES;
				CLANG_WARN_COMMA = YES;
				CLANG_WARN_CONSTANT_CONVERSION = YES;
				CLANG_WARN_DEPRECATED_OBJC_IMPLEMENTATIONS = YES;
				CLANG_WARN_DIRECT_OBJC_ISA_USAGE = YES_ERROR;
				CLANG_WARN_DOCUMENTATION_COMMENTS = YES;
				CLANG_WARN_EMPTY_BODY = YES;
				CLANG_WARN_ENUM_CONVERSION = YES;
				CLANG_WARN_INFINITE_RECURSION = YES;
				CLANG_WARN_INT_CONVERSION = YES;
				CLANG_WARN_NON_LITERAL_NULL_CONVERSION = YES;
				CLANG_WARN_OBJC_IMPLICIT_RETAIN_SELF = YES;
				CLANG_WARN_OBJC_LITERAL_CONVERSION = YES;
				CLANG_WARN_OBJC_ROOT_CLASS = YES_ERROR;
				CLANG_WARN_RANGE_LOOP_ANALYSIS = YES;
				CLANG_WARN_STRICT_PROTOTYPES = YES;
				CLANG_WARN_SUSPICIOUS_MOVE = YES;
				CLANG_WARN_UNGUARDED_AVAILABILITY = YES_AGGRESSIVE;
				CLANG_WARN_UNREACHABLE_CODE = YES;
				CLANG_WARN__DUPLICATE_METHOD_MATCH = YES;
				COPY_PHASE_STRIP = NO;
				DEBUG_INFORMATION_FORMAT = dwarf;
				ENABLE_STRICT_OBJC_MSGSEND = YES;
				ENABLE_TESTABILITY = YES;
				GCC_C_LANGUAGE_STANDARD = gnu11;
				GCC_DYNAMIC_NO_PIC = NO;
				GCC_NO_COMMON_BLOCKS = YES;
				GCC_OPTIMIZATION_LEVEL = 0;
				GCC_PREPROCESSOR_DEFINITIONS = (
					"DEBUG=1",
					"$(inherited)",
				);
				GCC_WARN_64_TO_32_BIT_CONVERSION = YES;
				GCC_WARN_ABOUT_RETURN_TYPE = YES_ERROR;
				GCC_WARN_UNDECLARED_SELECTOR = YES;
				GCC_WARN_UNINITIALIZED_AUTOS = YES_AGGRESSIVE;
				GCC_WARN_UNUSED_FUNCTION = YES;
				GCC_WARN_UNUSED_VARIABLE = YES;
				IPHONEOS_DEPLOYMENT_TARGET = 13.6;
				MTL_ENABLE_DEBUG_INFO = INCLUDE_SOURCE;
				MTL_FAST_MATH = YES;
				ONLY_ACTIVE_ARCH = YES;
				SDKROOT = iphoneos;
			};
			name = Debug;
		};
		CE917F7224CC0A530024834E /* Release */ = {
			isa = XCBuildConfiguration;
			buildSettings = {
				ALWAYS_SEARCH_USER_PATHS = NO;
				CLANG_ANALYZER_NONNULL = YES;
				CLANG_ANALYZER_NUMBER_OBJECT_CONVERSION = YES_AGGRESSIVE;
				CLANG_CXX_LANGUAGE_STANDARD = "gnu++14";
				CLANG_CXX_LIBRARY = "libc++";
				CLANG_ENABLE_MODULES = YES;
				CLANG_ENABLE_OBJC_ARC = YES;
				CLANG_ENABLE_OBJC_WEAK = YES;
				CLANG_WARN_BLOCK_CAPTURE_AUTORELEASING = YES;
				CLANG_WARN_BOOL_CONVERSION = YES;
				CLANG_WARN_COMMA = YES;
				CLANG_WARN_CONSTANT_CONVERSION = YES;
				CLANG_WARN_DEPRECATED_OBJC_IMPLEMENTATIONS = YES;
				CLANG_WARN_DIRECT_OBJC_ISA_USAGE = YES_ERROR;
				CLANG_WARN_DOCUMENTATION_COMMENTS = YES;
				CLANG_WARN_EMPTY_BODY = YES;
				CLANG_WARN_ENUM_CONVERSION = YES;
				CLANG_WARN_INFINITE_RECURSION = YES;
				CLANG_WARN_INT_CONVERSION = YES;
				CLANG_WARN_NON_LITERAL_NULL_CONVERSION = YES;
				CLANG_WARN_OBJC_IMPLICIT_RETAIN_SELF = YES;
				CLANG_WARN_OBJC_LITERAL_CONVERSION = YES;
				CLANG_WARN_OBJC_ROOT_CLASS = YES_ERROR;
				CLANG_WARN_RANGE_LOOP_ANALYSIS = YES;
				CLANG_WARN_STRICT_PROTOTYPES = YES;
				CLANG_WARN_SUSPICIOUS_MOVE = YES;
				CLANG_WARN_UNGUARDED_AVAILABILITY = YES_AGGRESSIVE;
				CLANG_WARN_UNREACHABLE_CODE = YES;
				CLANG_WARN__DUPLICATE_METHOD_MATCH = YES;
				COPY_PHASE_STRIP = NO;
				DEBUG_INFORMATION_FORMAT = "dwarf-with-dsym";
				ENABLE_NS_ASSERTIONS = NO;
				ENABLE_STRICT_OBJC_MSGSEND = YES;
				GCC_C_LANGUAGE_STANDARD = gnu11;
				GCC_NO_COMMON_BLOCKS = YES;
				GCC_WARN_64_TO_32_BIT_CONVERSION = YES;
				GCC_WARN_ABOUT_RETURN_TYPE = YES_ERROR;
				GCC_WARN_UNDECLARED_SELECTOR = YES;
				GCC_WARN_UNINITIALIZED_AUTOS = YES_AGGRESSIVE;
				GCC_WARN_UNUSED_FUNCTION = YES;
				GCC_WARN_UNUSED_VARIABLE = YES;
				IPHONEOS_DEPLOYMENT_TARGET = 13.6;
				MTL_ENABLE_DEBUG_INFO = NO;
				MTL_FAST_MATH = YES;
				SDKROOT = iphoneos;
				VALIDATE_PRODUCT = YES;
			};
			name = Release;
		};
		CE917F7424CC0A530024834E /* Debug */ = {
			isa = XCBuildConfiguration;
			buildSettings = {
				ASSETCATALOG_COMPILER_APPICON_NAME = AppIcon;
				CLANG_WARN_DEPRECATED_OBJC_IMPLEMENTATIONS = NO;
				CODE_SIGN_STYLE = Automatic;
				DEVELOPMENT_TEAM = V5JB4945T9;
				GCC_WARN_ABOUT_DEPRECATED_FUNCTIONS = NO;
				INFOPLIST_FILE = OpenGLES/Info.plist;
				LD_RUNPATH_SEARCH_PATHS = (
					"$(inherited)",
					"@executable_path/Frameworks",
				);
				PRODUCT_BUNDLE_IDENTIFIER = zhaixingxing.OpenGLES;
				PRODUCT_NAME = "$(TARGET_NAME)";
				TARGETED_DEVICE_FAMILY = "1,2";
			};
			name = Debug;
		};
		CE917F7524CC0A530024834E /* Release */ = {
			isa = XCBuildConfiguration;
			buildSettings = {
				ASSETCATALOG_COMPILER_APPICON_NAME = AppIcon;
				CLANG_WARN_DEPRECATED_OBJC_IMPLEMENTATIONS = NO;
				CODE_SIGN_STYLE = Automatic;
				DEVELOPMENT_TEAM = V5JB4945T9;
				GCC_WARN_ABOUT_DEPRECATED_FUNCTIONS = NO;
				INFOPLIST_FILE = OpenGLES/Info.plist;
				LD_RUNPATH_SEARCH_PATHS = (
					"$(inherited)",
					"@executable_path/Frameworks",
				);
				PRODUCT_BUNDLE_IDENTIFIER = zhaixingxing.OpenGLES;
				PRODUCT_NAME = "$(TARGET_NAME)";
				TARGETED_DEVICE_FAMILY = "1,2";
			};
			name = Release;
		};
/* End XCBuildConfiguration section */

/* Begin XCConfigurationList section */
		CE917F5524CC0A4F0024834E /* Build configuration list for PBXProject "OpenGLES" */ = {
			isa = XCConfigurationList;
			buildConfigurations = (
				CE917F7124CC0A530024834E /* Debug */,
				CE917F7224CC0A530024834E /* Release */,
			);
			defaultConfigurationIsVisible = 0;
			defaultConfigurationName = Release;
		};
		CE917F7324CC0A530024834E /* Build configuration list for PBXNativeTarget "OpenGLES" */ = {
			isa = XCConfigurationList;
			buildConfigurations = (
				CE917F7424CC0A530024834E /* Debug */,
				CE917F7524CC0A530024834E /* Release */,
			);
			defaultConfigurationIsVisible = 0;
			defaultConfigurationName = Release;
		};
/* End XCConfigurationList section */
	};
	rootObject = CE917F5224CC0A4F0024834E /* Project object */;
}
